
Microsoft Visual Studio Solution File, Format Version 9.00
# Visual C++ Express 2005
Project("{8BC9CEB8-8B4A-11D0-8D11-00A0C91BC942}") = "libpng", "libpng.vcproj", "{BE05AE7E-09ED-4F48-B339-C91AE342A7BB}"
	ProjectSection(ProjectDependencies) = postProject
		{221E0CC2-33C5-455B-BECB-A4D54E3B7FFC} = {221E0CC2-33C5-455B-BECB-A4D54E3B7FFC}
	EndProjectSection
EndProject
Project("{8BC9CEB8-8B4A-11D0-8D11-00A0C91BC942}") = "zlib", "..\..\..\zlib\projects\visualc8\zlib.vcproj", "{221E0CC2-33C5-455B-BECB-A4D54E3B7FFC}"
EndProject
Global
	GlobalSection(SolutionConfigurationPlatforms) = preSolution
		Release|Win32 = Release|Win32
	EndGlobalSection
	GlobalSection(ProjectConfigurationPlatforms) = postSolution
		{BE05AE7E-09ED-4F48-B339-C91AE342A7BB}.Release|Win32.ActiveCfg = Release|Win32
		{BE05AE7E-09ED-4F48-B339-C91AE342A7BB}.Release|Win32.Build.0 = Release|Win32
		{221E0CC2-33C5-455B-BECB-A4D54E3B7FFC}.Release|Win32.ActiveCfg = Release|Win32
		{221E0CC2-33C5-455B-BECB-A4D54E3B7FFC}.Release|Win32.Build.0 = Release|Win32
	EndGlobalSection
	GlobalSection(SolutionProperties) = preSolution
		HideSolutionNode = FALSE
	EndGlobalSection
EndGlobal
